
Microsoft Visual Studio Solution File, Format Version 12.00
# Visual Studio Version 17
VisualStudioVersion = 17.0.31903.59
MinimumVisualStudioVersion = 10.0.40219.1
Project("{2150E333-8FDC-42A3-9474-1A3956D46DE8}") = "src", "src", "{AA0F283E-8C3E-4D06-9F4C-B3C0E3618840}"
EndProject
Project("{FAE04EC0-301F-11D3-BF4B-00C04F79EFBC}") = "PlugHub.Contracts", "src\PlugHub.Contracts\PlugHub.Contracts.csproj", "{168CD6BC-3BD6-469F-BAE0-7A64F083E922}"
EndProject
Project("{FAE04EC0-301F-11D3-BF4B-00C04F79EFBC}") = "PlugHub.Framework", "src\PlugHub.Framework\PlugHub.Framework.csproj", "{A6F02E51-CAF2-42A5-9145-61CD36EB178B}"
EndProject
Project("{FAE04EC0-301F-11D3-BF4B-00C04F79EFBC}") = "PlugHub.Wpf", "src\PlugHub.Wpf\PlugHub.Wpf.csproj", "{0F20AE8B-84A8-4ED4-83F5-66D109D4A244}"
EndProject
Project("{FAE04EC0-301F-11D3-BF4B-00C04F79EFBC}") = "PlugHub.Manager", "src\PlugHub.Manager\PlugHub.Manager.csproj", "{A39936A4-7958-4E9E-9F34-3F16E37A49AB}"
EndProject
Project("{FAE04EC0-301F-11D3-BF4B-00C04F79EFBC}") = "PlugHub.Revit2020", "src\PlugHub.Revit2020\PlugHub.Revit2020.csproj", "{35EEAA7D-64B7-4687-BCD5-82AC150FA77A}"
EndProject
Project("{FAE04EC0-301F-11D3-BF4B-00C04F79EFBC}") = "PlugHub.Installer", "src\PlugHub.Installer\PlugHub.Installer.csproj", "{E022C4F2-A58D-4D44-B7FE-F0A2A8D7E68A}"
EndProject
Project("{FAE04EC0-301F-11D3-BF4B-00C04F79EFBC}") = "PlugHub.Tests", "src\PlugHub.Tests\PlugHub.Tests.csproj", "{F0A5E0FA-8F5C-486D-8D11-529E4AA35C2E}"
EndProject
Project("{FAE04EC0-301F-11D3-BF4B-00C04F79EFBC}") = "PlugHub.StaticValidation", "src\PlugHub.StaticValidation\PlugHub.StaticValidation.csproj", "{DCB20642-6761-474F-8AC8-ED1D201808B9}"
EndProject
Global
	GlobalSection(SolutionConfigurationPlatforms) = preSolution
		Debug|Any CPU = Debug|Any CPU
		Release|Any CPU = Release|Any CPU
	EndGlobalSection
	GlobalSection(SolutionProperties) = preSolution
		HideSolutionNode = FALSE
	EndGlobalSection
	GlobalSection(ProjectConfigurationPlatforms) = postSolution
		{168CD6BC-3BD6-469F-BAE0-7A64F083E922}.Debug|Any CPU.ActiveCfg = Debug|Any CPU
		{168CD6BC-3BD6-469F-BAE0-7A64F083E922}.Debug|Any CPU.Build.0 = Debug|Any CPU
		{168CD6BC-3BD6-469F-BAE0-7A64F083E922}.Release|Any CPU.ActiveCfg = Release|Any CPU
		{168CD6BC-3BD6-469F-BAE0-7A64F083E922}.Release|Any CPU.Build.0 = Release|Any CPU
		{A6F02E51-CAF2-42A5-9145-61CD36EB178B}.Debug|Any CPU.ActiveCfg = Debug|Any CPU
		{A6F02E51-CAF2-42A5-9145-61CD36EB178B}.Debug|Any CPU.Build.0 = Debug|Any CPU
		{A6F02E51-CAF2-42A5-9145-61CD36EB178B}.Release|Any CPU.ActiveCfg = Release|Any CPU
		{A6F02E51-CAF2-42A5-9145-61CD36EB178B}.Release|Any CPU.Build.0 = Release|Any CPU
		{0F20AE8B-84A8-4ED4-83F5-66D109D4A244}.Debug|Any CPU.ActiveCfg = Debug|Any CPU
		{0F20AE8B-84A8-4ED4-83F5-66D109D4A244}.Debug|Any CPU.Build.0 = Debug|Any CPU
		{0F20AE8B-84A8-4ED4-83F5-66D109D4A244}.Release|Any CPU.ActiveCfg = Release|Any CPU
		{0F20AE8B-84A8-4ED4-83F5-66D109D4A244}.Release|Any CPU.Build.0 = Release|Any CPU
		{A39936A4-7958-4E9E-9F34-3F16E37A49AB}.Debug|Any CPU.ActiveCfg = Debug|Any CPU
		{A39936A4-7958-4E9E-9F34-3F16E37A49AB}.Debug|Any CPU.Build.0 = Debug|Any CPU
		{A39936A4-7958-4E9E-9F34-3F16E37A49AB}.Release|Any CPU.ActiveCfg = Release|Any CPU
		{A39936A4-7958-4E9E-9F34-3F16E37A49AB}.Release|Any CPU.Build.0 = Release|Any CPU
		{35EEAA7D-64B7-4687-BCD5-82AC150FA77A}.Debug|Any CPU.ActiveCfg = Debug|Any CPU
		{35EEAA7D-64B7-4687-BCD5-82AC150FA77A}.Debug|Any CPU.Build.0 = Debug|Any CPU
		{35EEAA7D-64B7-4687-BCD5-82AC150FA77A}.Release|Any CPU.ActiveCfg = Release|Any CPU
		{35EEAA7D-64B7-4687-BCD5-82AC150FA77A}.Release|Any CPU.Build.0 = Release|Any CPU
		{E022C4F2-A58D-4D44-B7FE-F0A2A8D7E68A}.Debug|Any CPU.ActiveCfg = Debug|Any CPU
		{E022C4F2-A58D-4D44-B7FE-F0A2A8D7E68A}.Debug|Any CPU.Build.0 = Debug|Any CPU
		{E022C4F2-A58D-4D44-B7FE-F0A2A8D7E68A}.Release|Any CPU.ActiveCfg = Release|Any CPU
		{E022C4F2-A58D-4D44-B7FE-F0A2A8D7E68A}.Release|Any CPU.Build.0 = Release|Any CPU
		{F0A5E0FA-8F5C-486D-8D11-529E4AA35C2E}.Debug|Any CPU.ActiveCfg = Debug|Any CPU
		{F0A5E0FA-8F5C-486D-8D11-529E4AA35C2E}.Debug|Any CPU.Build.0 = Debug|Any CPU
		{F0A5E0FA-8F5C-486D-8D11-529E4AA35C2E}.Release|Any CPU.ActiveCfg = Release|Any CPU
		{F0A5E0FA-8F5C-486D-8D11-529E4AA35C2E}.Release|Any CPU.Build.0 = Release|Any CPU
		{DCB20642-6761-474F-8AC8-ED1D201808B9}.Debug|Any CPU.ActiveCfg = Debug|Any CPU
		{DCB20642-6761-474F-8AC8-ED1D201808B9}.Debug|Any CPU.Build.0 = Debug|Any CPU
		{DCB20642-6761-474F-8AC8-ED1D201808B9}.Release|Any CPU.ActiveCfg = Release|Any CPU
		{DCB20642-6761-474F-8AC8-ED1D201808B9}.Release|Any CPU.Build.0 = Release|Any CPU
	EndGlobalSection
	GlobalSection(NestedProjects) = preSolution
		{168CD6BC-3BD6-469F-BAE0-7A64F083E922} = {AA0F283E-8C3E-4D06-9F4C-B3C0E3618840}
		{A6F02E51-CAF2-42A5-9145-61CD36EB178B} = {AA0F283E-8C3E-4D06-9F4C-B3C0E3618840}
		{0F20AE8B-84A8-4ED4-83F5-66D109D4A244} = {AA0F283E-8C3E-4D06-9F4C-B3C0E3618840}
		{A39936A4-7958-4E9E-9F34-3F16E37A49AB} = {AA0F283E-8C3E-4D06-9F4C-B3C0E3618840}
		{35EEAA7D-64B7-4687-BCD5-82AC150FA77A} = {AA0F283E-8C3E-4D06-9F4C-B3C0E3618840}
		{E022C4F2-A58D-4D44-B7FE-F0A2A8D7E68A} = {AA0F283E-8C3E-4D06-9F4C-B3C0E3618840}
		{F0A5E0FA-8F5C-486D-8D11-529E4AA35C2E} = {AA0F283E-8C3E-4D06-9F4C-B3C0E3618840}
		{DCB20642-6761-474F-8AC8-ED1D201808B9} = {AA0F283E-8C3E-4D06-9F4C-B3C0E3618840}
	EndGlobalSection
EndGlobal
